
Microsoft Visual Studio Solution File, Format Version 12.00
Project("{FAE04EC0-301F-11D3-BF4B-00C04F79EFBC}") = "Calculator", "Calculator\Calculator.csproj", "{33FF9CC8-808D-41B2-886F-8900AC410145}"
EndProject
Project("{FAE04EC0-301F-11D3-BF4B-00C04F79EFBC}") = "Calculator.Test", "Calculator.Test\Calculator.Test.csproj", "{924A9AED-EC33-4BD3-B465-FA1A20E2343D}"
EndProject
Global
	GlobalSection(SolutionConfigurationPlatforms) = preSolution
		Debug|Any CPU = Debug|Any CPU
		Release|Any CPU = Release|Any CPU
	EndGlobalSection
	GlobalSection(ProjectConfigurationPlatforms) = postSolution
		{33FF9CC8-808D-41B2-886F-8900AC410145}.Debug|Any CPU.ActiveCfg = Debug|Any CPU
		{33FF9CC8-808D-41B2-886F-8900AC410145}.Debug|Any CPU.Build.0 = Debug|Any CPU
		{33FF9CC8-808D-41B2-886F-8900AC410145}.Release|Any CPU.ActiveCfg = Release|Any CPU
		{33FF9CC8-808D-41B2-886F-8900AC410145}.Release|Any CPU.Build.0 = Release|Any CPU
		{924A9AED-EC33-4BD3-B465-FA1A20E2343D}.Debug|Any CPU.ActiveCfg = Debug|Any CPU
		{924A9AED-EC33-4BD3-B465-FA1A20E2343D}.Debug|Any CPU.Build.0 = Debug|Any CPU
		{924A9AED-EC33-4BD3-B465-FA1A20E2343D}.Release|Any CPU.ActiveCfg = Release|Any CPU
		{924A9AED-EC33-4BD3-B465-FA1A20E2343D}.Release|Any CPU.Build.0 = Release|Any CPU
	EndGlobalSection
EndGlobal
